
Microsoft Visual Studio Solution File, Format Version 12.00
# Visual Studio 2013
VisualStudioVersion = 12.0.21005.1
MinimumVisualStudioVersion = 10.0.40219.1
Project("{8BC9CEB8-8B4A-11D0-8D11-00A0C91BC942}") = "dsn.core", "src\core\rdsn.core.vcxproj", "{F3913C07-F781-413B-91D8-259ADD82C0B1}"
EndProject
Project("{8BC9CEB8-8B4A-11D0-8D11-00A0C91BC942}") = "replication.client_lib", "src\apps\replication\client_lib\replication.client_lib.vcxproj", "{873EA612-3179-460E-958E-F60C5262A188}"
	ProjectSection(ProjectDependencies) = postProject
		{F3913C07-F781-413B-91D8-259ADD82C0B1} = {F3913C07-F781-413B-91D8-259ADD82C0B1}
	EndProjectSection
EndProject
Project("{8BC9CEB8-8B4A-11D0-8D11-00A0C91BC942}") = "replication.lib", "src\apps\replication\lib\replication.lib.vcxproj", "{EBFD5E0A-857D-485E-A4F8-1981D91EB695}"
	ProjectSection(ProjectDependencies) = postProject
		{F3913C07-F781-413B-91D8-259ADD82C0B1} = {F3913C07-F781-413B-91D8-259ADD82C0B1}
		{873EA612-3179-460E-958E-F60C5262A188} = {873EA612-3179-460E-958E-F60C5262A188}
		{2AC02D3E-E3D8-4B76-9EB2-01A901A63625} = {2AC02D3E-E3D8-4B76-9EB2-01A901A63625}
	EndProjectSection
EndProject
Project("{8BC9CEB8-8B4A-11D0-8D11-00A0C91BC942}") = "replication.meta_server", "src\apps\replication\meta_server\replication.meta_server.vcxproj", "{D1090968-668D-43BA-8A5E-AADC91D6E6B6}"
	ProjectSection(ProjectDependencies) = postProject
		{F3913C07-F781-413B-91D8-259ADD82C0B1} = {F3913C07-F781-413B-91D8-259ADD82C0B1}
		{873EA612-3179-460E-958E-F60C5262A188} = {873EA612-3179-460E-958E-F60C5262A188}
		{2AC02D3E-E3D8-4B76-9EB2-01A901A63625} = {2AC02D3E-E3D8-4B76-9EB2-01A901A63625}
	EndProjectSection
EndProject
Project("{8BC9CEB8-8B4A-11D0-8D11-00A0C91BC942}") = "replication.all", "src\apps\replication\exe\replication.all.vcxproj", "{8BC33B99-25C1-48DC-96B2-1034A07D341C}"
	ProjectSection(ProjectDependencies) = postProject
		{F3913C07-F781-413B-91A8-259ADD82C0B1} = {F3913C07-F781-413B-91A8-259ADD82C0B1}
		{F3913C07-F781-413B-91D8-259ADD82C0B1} = {F3913C07-F781-413B-91D8-259ADD82C0B1}
		{EBFD5E0A-857D-485E-A4F8-1981D91EB695} = {EBFD5E0A-857D-485E-A4F8-1981D91EB695}
		{873EA612-3179-460E-958E-F60C5262A188} = {873EA612-3179-460E-958E-F60C5262A188}
		{8B85C235-EF2D-4C78-B309-2823CE3C35FD} = {8B85C235-EF2D-4C78-B309-2823CE3C35FD}
		{2AC02D3E-E3D8-4B76-9EB2-01A901A63625} = {2AC02D3E-E3D8-4B76-9EB2-01A901A63625}
		{D1090968-668D-43BA-8A5E-AADC91D6E6B6} = {D1090968-668D-43BA-8A5E-AADC91D6E6B6}
		{839ED5DE-0409-4454-97E0-CE7494DD3606} = {839ED5DE-0409-4454-97E0-CE7494DD3606}
	EndProjectSection
EndProject
Project("{8BC9CEB8-8B4A-11D0-8D11-00A0C91BC942}") = "dsn.dev", "src\dev\rdsn.dev.vcxproj", "{F3913C07-F781-413B-91A8-259ADD82C0B1}"
EndProject
Project("{8BC9CEB8-8B4A-11D0-8D11-00A0C91BC942}") = "tools.simulator", "src\tools\simulator\tools.simulator.vcxproj", "{8B85C235-EF2D-4C78-B309-2823CE3C35FD}"
EndProject
Project("{8BC9CEB8-8B4A-11D0-8D11-00A0C91BC942}") = "tools.common", "src\tools\common\tools.common.vcxproj", "{839ED5DE-0409-4454-97E0-CE7494DD3606}"
EndProject
Project("{8BC9CEB8-8B4A-11D0-8D11-00A0C91BC942}") = "echo", "src\apps\echo\echo.vcxproj", "{84705C4C-397B-4E56-8DB5-8B9DEE240631}"
	ProjectSection(ProjectDependencies) = postProject
		{F3913C07-F781-413B-91A8-259ADD82C0B1} = {F3913C07-F781-413B-91A8-259ADD82C0B1}
		{F3913C07-F781-413B-91D8-259ADD82C0B1} = {F3913C07-F781-413B-91D8-259ADD82C0B1}
		{8B85C235-EF2D-4C78-B309-2823CE3C35FD} = {8B85C235-EF2D-4C78-B309-2823CE3C35FD}
		{839ED5DE-0409-4454-97E0-CE7494DD3606} = {839ED5DE-0409-4454-97E0-CE7494DD3606}
	EndProjectSection
EndProject
Project("{8BC9CEB8-8B4A-11D0-8D11-00A0C91BC942}") = "failure_detector", "src\dist\failure_detector\failure_detector.vcxproj", "{2AC02D3E-E3D8-4B76-9EB2-01A901A63625}"
EndProject
Project("{2150E333-8FDC-42A3-9474-1A3956D46DE8}") = "Solution Items", "Solution Items", "{CEFB9038-BD09-4825-A0F3-55DB5F88BBF1}"
	ProjectSection(SolutionItems) = preProject
		Performance1.psess = Performance1.psess
		Performance2.psess = Performance2.psess
	EndProjectSection
EndProject
Global
	GlobalSection(SolutionConfigurationPlatforms) = preSolution
		Debug|Win32 = Debug|Win32
		Debug|x64 = Debug|x64
		Debug-mt|Win32 = Debug-mt|Win32
		Debug-mt|x64 = Debug-mt|x64
		Release|Win32 = Release|Win32
		Release|x64 = Release|x64
		Release-mt|Win32 = Release-mt|Win32
		Release-mt|x64 = Release-mt|x64
	EndGlobalSection
	GlobalSection(ProjectConfigurationPlatforms) = postSolution
		{F3913C07-F781-413B-91D8-259ADD82C0B1}.Debug|Win32.ActiveCfg = Debug|Win32
		{F3913C07-F781-413B-91D8-259ADD82C0B1}.Debug|Win32.Build.0 = Debug|Win32
		{F3913C07-F781-413B-91D8-259ADD82C0B1}.Debug|x64.ActiveCfg = Debug|Win32
		{F3913C07-F781-413B-91D8-259ADD82C0B1}.Debug-mt|Win32.ActiveCfg = Debug|Win32
		{F3913C07-F781-413B-91D8-259ADD82C0B1}.Debug-mt|Win32.Build.0 = Debug|Win32
		{F3913C07-F781-413B-91D8-259ADD82C0B1}.Debug-mt|x64.ActiveCfg = Debug|Win32
		{F3913C07-F781-413B-91D8-259ADD82C0B1}.Release|Win32.ActiveCfg = Release|Win32
		{F3913C07-F781-413B-91D8-259ADD82C0B1}.Release|Win32.Build.0 = Release|Win32
		{F3913C07-F781-413B-91D8-259ADD82C0B1}.Release|x64.ActiveCfg = Release|Win32
		{F3913C07-F781-413B-91D8-259ADD82C0B1}.Release-mt|Win32.ActiveCfg = Release|Win32
		{F3913C07-F781-413B-91D8-259ADD82C0B1}.Release-mt|Win32.Build.0 = Release|Win32
		{F3913C07-F781-413B-91D8-259ADD82C0B1}.Release-mt|x64.ActiveCfg = Release|Win32
		{873EA612-3179-460E-958E-F60C5262A188}.Debug|Win32.ActiveCfg = Debug|Win32
		{873EA612-3179-460E-958E-F60C5262A188}.Debug|Win32.Build.0 = Debug|Win32
		{873EA612-3179-460E-958E-F60C5262A188}.Debug|x64.ActiveCfg = Debug|Win32
		{873EA612-3179-460E-958E-F60C5262A188}.Debug-mt|Win32.ActiveCfg = Debug|Win32
		{873EA612-3179-460E-958E-F60C5262A188}.Debug-mt|Win32.Build.0 = Debug|Win32
		{873EA612-3179-460E-958E-F60C5262A188}.Debug-mt|x64.ActiveCfg = Debug|Win32
		{873EA612-3179-460E-958E-F60C5262A188}.Release|Win32.ActiveCfg = Release|Win32
		{873EA612-3179-460E-958E-F60C5262A188}.Release|Win32.Build.0 = Release|Win32
		{873EA612-3179-460E-958E-F60C5262A188}.Release|x64.ActiveCfg = Release|Win32
		{873EA612-3179-460E-958E-F60C5262A188}.Release-mt|Win32.ActiveCfg = Release|Win32
		{873EA612-3179-460E-958E-F60C5262A188}.Release-mt|Win32.Build.0 = Release|Win32
		{873EA612-3179-460E-958E-F60C5262A188}.Release-mt|x64.ActiveCfg = Release|Win32
		{EBFD5E0A-857D-485E-A4F8-1981D91EB695}.Debug|Win32.ActiveCfg = Debug|Win32
		{EBFD5E0A-857D-485E-A4F8-1981D91EB695}.Debug|Win32.Build.0 = Debug|Win32
		{EBFD5E0A-857D-485E-A4F8-1981D91EB695}.Debug|x64.ActiveCfg = Debug|Win32
		{EBFD5E0A-857D-485E-A4F8-1981D91EB695}.Debug-mt|Win32.ActiveCfg = Debug|Win32
		{EBFD5E0A-857D-485E-A4F8-1981D91EB695}.Debug-mt|Win32.Build.0 = Debug|Win32
		{EBFD5E0A-857D-485E-A4F8-1981D91EB695}.Debug-mt|x64.ActiveCfg = Debug|Win32
		{EBFD5E0A-857D-485E-A4F8-1981D91EB695}.Release|Win32.ActiveCfg = Release|Win32
		{EBFD5E0A-857D-485E-A4F8-1981D91EB695}.Release|Win32.Build.0 = Release|Win32
		{EBFD5E0A-857D-485E-A4F8-1981D91EB695}.Release|x64.ActiveCfg = Release|Win32
		{EBFD5E0A-857D-485E-A4F8-1981D91EB695}.Release-mt|Win32.ActiveCfg = Release|Win32
		{EBFD5E0A-857D-485E-A4F8-1981D91EB695}.Release-mt|Win32.Build.0 = Release|Win32
		{EBFD5E0A-857D-485E-A4F8-1981D91EB695}.Release-mt|x64.ActiveCfg = Release|Win32
		{D1090968-668D-43BA-8A5E-AADC91D6E6B6}.Debug|Win32.ActiveCfg = Debug|Win32
		{D1090968-668D-43BA-8A5E-AADC91D6E6B6}.Debug|Win32.Build.0 = Debug|Win32
		{D1090968-668D-43BA-8A5E-AADC91D6E6B6}.Debug|x64.ActiveCfg = Debug|Win32
		{D1090968-668D-43BA-8A5E-AADC91D6E6B6}.Debug-mt|Win32.ActiveCfg = Debug|Win32
		{D1090968-668D-43BA-8A5E-AADC91D6E6B6}.Debug-mt|Win32.Build.0 = Debug|Win32
		{D1090968-668D-43BA-8A5E-AADC91D6E6B6}.Debug-mt|x64.ActiveCfg = Debug|Win32
		{D1090968-668D-43BA-8A5E-AADC91D6E6B6}.Release|Win32.ActiveCfg = Release|Win32
		{D1090968-668D-43BA-8A5E-AADC91D6E6B6}.Release|Win32.Build.0 = Release|Win32
		{D1090968-668D-43BA-8A5E-AADC91D6E6B6}.Release|x64.ActiveCfg = Release|Win32
		{D1090968-668D-43BA-8A5E-AADC91D6E6B6}.Release-mt|Win32.ActiveCfg = Release|Win32
		{D1090968-668D-43BA-8A5E-AADC91D6E6B6}.Release-mt|Win32.Build.0 = Release|Win32
		{D1090968-668D-43BA-8A5E-AADC91D6E6B6}.Release-mt|x64.ActiveCfg = Release|Win32
		{8BC33B99-25C1-48DC-96B2-1034A07D341C}.Debug|Win32.ActiveCfg = Debug|Win32
		{8BC33B99-25C1-48DC-96B2-1034A07D341C}.Debug|Win32.Build.0 = Debug|Win32
		{8BC33B99-25C1-48DC-96B2-1034A07D341C}.Debug|x64.ActiveCfg = Debug|Win32
		{8BC33B99-25C1-48DC-96B2-1034A07D341C}.Debug-mt|Win32.ActiveCfg = Debug|Win32
		{8BC33B99-25C1-48DC-96B2-1034A07D341C}.Debug-mt|Win32.Build.0 = Debug|Win32
		{8BC33B99-25C1-48DC-96B2-1034A07D341C}.Debug-mt|x64.ActiveCfg = Debug|Win32
		{8BC33B99-25C1-48DC-96B2-1034A07D341C}.Release|Win32.ActiveCfg = Release|Win32
		{8BC33B99-25C1-48DC-96B2-1034A07D341C}.Release|Win32.Build.0 = Release|Win32
		{8BC33B99-25C1-48DC-96B2-1034A07D341C}.Release|x64.ActiveCfg = Release|Win32
		{8BC33B99-25C1-48DC-96B2-1034A07D341C}.Release-mt|Win32.ActiveCfg = Release|Win32
		{8BC33B99-25C1-48DC-96B2-1034A07D341C}.Release-mt|Win32.Build.0 = Release|Win32
		{8BC33B99-25C1-48DC-96B2-1034A07D341C}.Release-mt|x64.ActiveCfg = Release|Win32
		{F3913C07-F781-413B-91A8-259ADD82C0B1}.Debug|Win32.ActiveCfg = Debug|Win32
		{F3913C07-F781-413B-91A8-259ADD82C0B1}.Debug|Win32.Build.0 = Debug|Win32
		{F3913C07-F781-413B-91A8-259ADD82C0B1}.Debug|x64.ActiveCfg = Debug|Win32
		{F3913C07-F781-413B-91A8-259ADD82C0B1}.Debug-mt|Win32.ActiveCfg = Debug|Win32
		{F3913C07-F781-413B-91A8-259ADD82C0B1}.Debug-mt|Win32.Build.0 = Debug|Win32
		{F3913C07-F781-413B-91A8-259ADD82C0B1}.Debug-mt|x64.ActiveCfg = Debug|Win32
		{F3913C07-F781-413B-91A8-259ADD82C0B1}.Release|Win32.ActiveCfg = Release|Win32
		{F3913C07-F781-413B-91A8-259ADD82C0B1}.Release|Win32.Build.0 = Release|Win32
		{F3913C07-F781-413B-91A8-259ADD82C0B1}.Release|x64.ActiveCfg = Release|Win32
		{F3913C07-F781-413B-91A8-259ADD82C0B1}.Release-mt|Win32.ActiveCfg = Release|Win32
		{F3913C07-F781-413B-91A8-259ADD82C0B1}.Release-mt|Win32.Build.0 = Release|Win32
		{F3913C07-F781-413B-91A8-259ADD82C0B1}.Release-mt|x64.ActiveCfg = Release|Win32
		{8B85C235-EF2D-4C78-B309-2823CE3C35FD}.Debug|Win32.ActiveCfg = Debug|Win32
		{8B85C235-EF2D-4C78-B309-2823CE3C35FD}.Debug|Win32.Build.0 = Debug|Win32
		{8B85C235-EF2D-4C78-B309-2823CE3C35FD}.Debug|x64.ActiveCfg = Debug|Win32
		{8B85C235-EF2D-4C78-B309-2823CE3C35FD}.Debug-mt|Win32.ActiveCfg = Debug|Win32
		{8B85C235-EF2D-4C78-B309-2823CE3C35FD}.Debug-mt|Win32.Build.0 = Debug|Win32
		{8B85C235-EF2D-4C78-B309-2823CE3C35FD}.Debug-mt|x64.ActiveCfg = Debug|Win32
		{8B85C235-EF2D-4C78-B309-2823CE3C35FD}.Release|Win32.ActiveCfg = Release|Win32
		{8B85C235-EF2D-4C78-B309-2823CE3C35FD}.Release|Win32.Build.0 = Release|Win32
		{8B85C235-EF2D-4C78-B309-2823CE3C35FD}.Release|x64.ActiveCfg = Release|Win32
		{8B85C235-EF2D-4C78-B309-2823CE3C35FD}.Release-mt|Win32.ActiveCfg = Release|Win32
		{8B85C235-EF2D-4C78-B309-2823CE3C35FD}.Release-mt|Win32.Build.0 = Release|Win32
		{8B85C235-EF2D-4C78-B309-2823CE3C35FD}.Release-mt|x64.ActiveCfg = Release|Win32
		{839ED5DE-0409-4454-97E0-CE7494DD3606}.Debug|Win32.ActiveCfg = Debug|Win32
		{839ED5DE-0409-4454-97E0-CE7494DD3606}.Debug|Win32.Build.0 = Debug|Win32
		{839ED5DE-0409-4454-97E0-CE7494DD3606}.Debug|x64.ActiveCfg = Debug|Win32
		{839ED5DE-0409-4454-97E0-CE7494DD3606}.Debug-mt|Win32.ActiveCfg = Debug|Win32
		{839ED5DE-0409-4454-97E0-CE7494DD3606}.Debug-mt|Win32.Build.0 = Debug|Win32
		{839ED5DE-0409-4454-97E0-CE7494DD3606}.Debug-mt|x64.ActiveCfg = Debug|Win32
		{839ED5DE-0409-4454-97E0-CE7494DD3606}.Release|Win32.ActiveCfg = Release|Win32
		{839ED5DE-0409-4454-97E0-CE7494DD3606}.Release|Win32.Build.0 = Release|Win32
		{839ED5DE-0409-4454-97E0-CE7494DD3606}.Release|x64.ActiveCfg = Release|Win32
		{839ED5DE-0409-4454-97E0-CE7494DD3606}.Release-mt|Win32.ActiveCfg = Release|Win32
		{839ED5DE-0409-4454-97E0-CE7494DD3606}.Release-mt|Win32.Build.0 = Release|Win32
		{839ED5DE-0409-4454-97E0-CE7494DD3606}.Release-mt|x64.ActiveCfg = Release|Win32
		{84705C4C-397B-4E56-8DB5-8B9DEE240631}.Debug|Win32.ActiveCfg = Debug|Win32
		{84705C4C-397B-4E56-8DB5-8B9DEE240631}.Debug|Win32.Build.0 = Debug|Win32
		{84705C4C-397B-4E56-8DB5-8B9DEE240631}.Debug|x64.ActiveCfg = Debug|Win32
		{84705C4C-397B-4E56-8DB5-8B9DEE240631}.Debug-mt|Win32.ActiveCfg = Debug|Win32
		{84705C4C-397B-4E56-8DB5-8B9DEE240631}.Debug-mt|Win32.Build.0 = Debug|Win32
		{84705C4C-397B-4E56-8DB5-8B9DEE240631}.Debug-mt|x64.ActiveCfg = Debug|Win32
		{84705C4C-397B-4E56-8DB5-8B9DEE240631}.Release|Win32.ActiveCfg = Release|Win32
		{84705C4C-397B-4E56-8DB5-8B9DEE240631}.Release|Win32.Build.0 = Release|Win32
		{84705C4C-397B-4E56-8DB5-8B9DEE240631}.Release|x64.ActiveCfg = Release|Win32
		{84705C4C-397B-4E56-8DB5-8B9DEE240631}.Release-mt|Win32.ActiveCfg = Release|Win32
		{84705C4C-397B-4E56-8DB5-8B9DEE240631}.Release-mt|Win32.Build.0 = Release|Win32
		{84705C4C-397B-4E56-8DB5-8B9DEE240631}.Release-mt|x64.ActiveCfg = Release|Win32
		{2AC02D3E-E3D8-4B76-9EB2-01A901A63625}.Debug|Win32.ActiveCfg = Debug|Win32
		{2AC02D3E-E3D8-4B76-9EB2-01A901A63625}.Debug|Win32.Build.0 = Debug|Win32
		{2AC02D3E-E3D8-4B76-9EB2-01A901A63625}.Debug|x64.ActiveCfg = Debug|Win32
		{2AC02D3E-E3D8-4B76-9EB2-01A901A63625}.Debug-mt|Win32.ActiveCfg = Debug|Win32
		{2AC02D3E-E3D8-4B76-9EB2-01A901A63625}.Debug-mt|Win32.Build.0 = Debug|Win32
		{2AC02D3E-E3D8-4B76-9EB2-01A901A63625}.Debug-mt|x64.ActiveCfg = Debug|Win32
		{2AC02D3E-E3D8-4B76-9EB2-01A901A63625}.Release|Win32.ActiveCfg = Release|Win32
		{2AC02D3E-E3D8-4B76-9EB2-01A901A63625}.Release|Win32.Build.0 = Release|Win32
		{2AC02D3E-E3D8-4B76-9EB2-01A901A63625}.Release|x64.ActiveCfg = Release|Win32
		{2AC02D3E-E3D8-4B76-9EB2-01A901A63625}.Release-mt|Win32.ActiveCfg = Release|Win32
		{2AC02D3E-E3D8-4B76-9EB2-01A901A63625}.Release-mt|Win32.Build.0 = Release|Win32
		{2AC02D3E-E3D8-4B76-9EB2-01A901A63625}.Release-mt|x64.ActiveCfg = Release|Win32
	EndGlobalSection
	GlobalSection(SolutionProperties) = preSolution
		HideSolutionNode = FALSE
	EndGlobalSection
EndGlobal
