<?xml version="1.0" encoding="utf-8"?>
<Project ToolsVersion="4.0" xmlns="http://schemas.microsoft.com/developer/msbuild/2003">
  <ItemGroup>
    <Filter Include="Source Files">
      <UniqueIdentifier>{245591fc-dded-4660-b41a-5c6b31bb94e4}</UniqueIdentifier>
    </Filter>
    <Filter Include="Header Files">
      <UniqueIdentifier>{bee72f9f-7415-49f5-be5a-1dd618b7008b}</UniqueIdentifier>
    </Filter>
  </ItemGroup>
  <ItemGroup>
    <ClCompile Include="zlocks.cpp">
      <Filter>Source Files</Filter>
    </ClCompile>
    <ClCompile Include="admission_controller.cpp">
      <Filter>Source Files</Filter>
    </ClCompile>
    <ClCompile Include="aio_provider.cpp">
      <Filter>Source Files</Filter>
    </ClCompile>
    <ClCompile Include="configuration.cpp">
      <Filter>Source Files</Filter>
    </ClCompile>
    <ClCompile Include="disk_engine.cpp">
      <Filter>Source Files</Filter>
    </ClCompile>
    <ClCompile Include="end_point.cpp">
      <Filter>Source Files</Filter>
    </ClCompile>
    <ClCompile Include="env_provider.cpp">
      <Filter>Source Files</Filter>
    </ClCompile>
    <ClCompile Include="error_code.cpp">
      <Filter>Source Files</Filter>
    </ClCompile>
    <ClCompile Include="global_config.cpp">
      <Filter>Source Files</Filter>
    </ClCompile>
    <ClCompile Include="join_point.cpp">
      <Filter>Source Files</Filter>
    </ClCompile>
    <ClCompile Include="logging.cpp">
      <Filter>Source Files</Filter>
    </ClCompile>
    <ClCompile Include="network.cpp">
      <Filter>Source Files</Filter>
    </ClCompile>
    <ClCompile Include="perf_counter.cpp">
      <Filter>Source Files</Filter>
    </ClCompile>
    <ClCompile Include="perf_counters.cpp">
      <Filter>Source Files</Filter>
    </ClCompile>
    <ClCompile Include="rpc_engine.cpp">
      <Filter>Source Files</Filter>
    </ClCompile>
    <ClCompile Include="rpc_message.cpp">
      <Filter>Source Files</Filter>
    </ClCompile>
    <ClCompile Include="service_api.cpp">
      <Filter>Source Files</Filter>
    </ClCompile>
    <ClCompile Include="service_app.cpp">
      <Filter>Source Files</Filter>
    </ClCompile>
    <ClCompile Include="service_engine.cpp">
      <Filter>Source Files</Filter>
    </ClCompile>
    <ClCompile Include="task.cpp">
      <Filter>Source Files</Filter>
    </ClCompile>
    <ClCompile Include="task_code.cpp">
      <Filter>Source Files</Filter>
    </ClCompile>
    <ClCompile Include="task_engine.cpp">
      <Filter>Source Files</Filter>
    </ClCompile>
    <ClCompile Include="task_queue.cpp">
      <Filter>Source Files</Filter>
    </ClCompile>
    <ClCompile Include="task_worker.cpp">
      <Filter>Source Files</Filter>
    </ClCompile>
    <ClCompile Include="tool_api.cpp">
      <Filter>Source Files</Filter>
    </ClCompile>
    <ClCompile Include="utils.cpp">
      <Filter>Source Files</Filter>
    </ClCompile>
    <ClCompile Include="message_parser.cpp">
      <Filter>Source Files</Filter>
    </ClCompile>
  </ItemGroup>
  <ItemGroup>
    <ClInclude Include="rpc_engine.h">
      <Filter>Header Files</Filter>
    </ClInclude>
    <ClInclude Include="service_engine.h">
      <Filter>Header Files</Filter>
    </ClInclude>
    <ClInclude Include="task_engine.h">
      <Filter>Header Files</Filter>
    </ClInclude>
    <ClInclude Include="crc.h">
      <Filter>Header Files</Filter>
    </ClInclude>
    <ClInclude Include="disk_engine.h">
      <Filter>Header Files</Filter>
    </ClInclude>
    <ClInclude Include="..\..\inc\dsn\internal\dsn_types.h" />
    <ClInclude Include="..\..\inc\dsn\internal\admission_controller.h" />
    <ClInclude Include="..\..\inc\dsn\internal\aio_provider.h" />
    <ClInclude Include="..\..\inc\dsn\internal\configuration.h" />
    <ClInclude Include="..\..\inc\dsn\internal\customizable_id.h" />
    <ClInclude Include="..\..\inc\dsn\internal\end_point.h" />
    <ClInclude Include="..\..\inc\dsn\internal\enum_helper.h" />
    <ClInclude Include="..\..\inc\dsn\internal\env_provider.h" />
    <ClInclude Include="..\..\inc\dsn\internal\error_code.h" />
    <ClInclude Include="..\..\inc\dsn\internal\extensible_object.h" />
    <ClInclude Include="..\..\inc\dsn\internal\factory_store.h" />
    <ClInclude Include="..\..\inc\dsn\internal\global_config.h" />
    <ClInclude Include="..\..\inc\dsn\internal\join_point.h" />
    <ClInclude Include="..\..\inc\dsn\internal\link.h" />
    <ClInclude Include="..\..\inc\dsn\internal\logging.h" />
    <ClInclude Include="..\..\inc\dsn\internal\logging_provider.h" />
    <ClInclude Include="..\..\inc\dsn\internal\network.h" />
    <ClInclude Include="..\..\inc\dsn\internal\perf_counter.h" />
    <ClInclude Include="..\..\inc\dsn\internal\perf_counters.h" />
    <ClInclude Include="..\..\inc\dsn\internal\priority_queue.h" />
    <ClInclude Include="..\..\inc\dsn\internal\rpc_message.h" />
    <ClInclude Include="..\..\inc\dsn\internal\service_app.h" />
    <ClInclude Include="..\..\inc\dsn\internal\singleton.h" />
    <ClInclude Include="..\..\inc\dsn\internal\singleton_store.h" />
    <ClInclude Include="..\..\inc\dsn\internal\singleton_vector_store.h" />
    <ClInclude Include="..\..\inc\dsn\internal\synchronize.h" />
    <ClInclude Include="..\..\inc\dsn\internal\task.h" />
    <ClInclude Include="..\..\inc\dsn\internal\task_code.h" />
    <ClInclude Include="..\..\inc\dsn\internal\task_queue.h" />
    <ClInclude Include="..\..\inc\dsn\internal\task_worker.h" />
    <ClInclude Include="..\..\inc\dsn\internal\threadpool_code.h" />
    <ClInclude Include="..\..\inc\dsn\internal\utils.h" />
    <ClInclude Include="..\..\inc\dsn\internal\zlocks.h" />
    <ClInclude Include="..\..\inc\dsn\internal\zlock_provider.h" />
    <ClInclude Include="..\..\inc\dsn\service_api.h" />
    <ClInclude Include="..\..\inc\dsn\tool_api.h" />
    <ClInclude Include="..\..\inc\dsn\internal\message_parser.h" />
    <ClInclude Include="..\..\inc\dsn\internal\thrift_helper.h" />
  </ItemGroup>
</Project>