<?xml version="1.0" encoding="utf-8"?>
<Project ToolsVersion="4.0" xmlns="http://schemas.microsoft.com/developer/msbuild/2003">
  <ItemGroup>
    <Filter Include="Header Files">
      <UniqueIdentifier>{f8b35329-1a2a-446f-9caf-6775facacdc9}</UniqueIdentifier>
    </Filter>
    <Filter Include="Source Files">
      <UniqueIdentifier>{920a0aa5-ec47-4cee-b62b-e95e32fc5112}</UniqueIdentifier>
    </Filter>
  </ItemGroup>
  <ItemGroup>
    <ClInclude Include="..\..\inc\dsn\internal\file_server.h" />
    <ClInclude Include="..\..\inc\dsn\internal\serialization.h" />
    <ClInclude Include="..\..\inc\dsn\internal\thrift_helper.h" />
    <ClInclude Include="..\..\inc\dsn\internal\service.api.oo.h" />
    <ClInclude Include="..\..\inc\dsn\internal\service.api.oo.impl.h">
      <Filter>Source Files</Filter>
    </ClInclude>
    <ClInclude Include="..\..\inc\dsn\internal\servicelet.h" />
    <ClInclude Include="..\..\inc\dsn\serverlet.h" />
    <ClInclude Include="..\..\inc\dsn\testlet.h" />
  </ItemGroup>
  <ItemGroup>
    <ClCompile Include="service.cpp">
      <Filter>Source Files</Filter>
    </ClCompile>
    <ClCompile Include="file_server.cpp">
      <Filter>Source Files</Filter>
    </ClCompile>
    <ClCompile Include="service.api.oo.impl.cpp">
      <Filter>Source Files</Filter>
    </ClCompile>
    <ClCompile Include="testlet.cpp">
      <Filter>Source Files</Filter>
    </ClCompile>
  </ItemGroup>
</Project>